
Microsoft Visual Studio Solution File, Format Version 12.00
# Visual Studio Version 16
VisualStudioVersion = 16.0.30907.101
MinimumVisualStudioVersion = 10.0.40219.1
Project("{FAE04EC0-301F-11D3-BF4B-00C04F79EFBC}") = "InventoryMnamgmentSystemV5", "InventoryMnamgmentSystemV5\InventoryMnamgmentSystemV5.csproj", "{434786D0-112C-4D08-B925-D6CF705603DB}"
EndProject
Global
	GlobalSection(SolutionConfigurationPlatforms) = preSolution
		Debug|Any CPU = Debug|Any CPU
		Release|Any CPU = Release|Any CPU
	EndGlobalSection
	GlobalSection(ProjectConfigurationPlatforms) = postSolution
		{434786D0-112C-4D08-B925-D6CF705603DB}.Debug|Any CPU.ActiveCfg = Debug|Any CPU
		{434786D0-112C-4D08-B925-D6CF705603DB}.Debug|Any CPU.Build.0 = Debug|Any CPU
		{434786D0-112C-4D08-B925-D6CF705603DB}.Release|Any CPU.ActiveCfg = Release|Any CPU
		{434786D0-112C-4D08-B925-D6CF705603DB}.Release|Any CPU.Build.0 = Release|Any CPU
	EndGlobalSection
	GlobalSection(SolutionProperties) = preSolution
		HideSolutionNode = FALSE
	EndGlobalSection
	GlobalSection(ExtensibilityGlobals) = postSolution
		SolutionGuid = {4DFAC20C-C14A-47BC-86C0-572C8E6039B8}
	EndGlobalSection
EndGlobal
